
Microsoft Visual Studio Solution File, Format Version 12.00
# Visual Studio Version 17
VisualStudioVersion = 17.2.32526.322
MinimumVisualStudioVersion = 10.0.40219.1
Project("{9A19103F-16F7-4668-BE54-9A1E7A4F7556}") = "LetsPet854.Presentation", "LetsPet854.Presentation\LetsPet854.Presentation.csproj", "{B2C2DF1E-2CFF-41F3-A247-11DAD84D98F2}"
EndProject
Project("{FAE04EC0-301F-11D3-BF4B-00C04F79EFBC}") = "LetsPet854.Domain", "LetsPet854.Domain\LetsPet854.Domain.csproj", "{4A102D9B-5296-46CE-BB44-575C15399802}"
EndProject
Project("{2150E333-8FDC-42A3-9474-1A3956D46DE8}") = "1 - Presentation", "1 - Presentation", "{1AB6CE71-0F06-4488-8994-FDD77DE10A9B}"
EndProject
Project("{2150E333-8FDC-42A3-9474-1A3956D46DE8}") = "2 - Services", "2 - Services", "{EDD988CF-6275-4A55-9B3F-DFAD27697FA9}"
EndProject
Project("{2150E333-8FDC-42A3-9474-1A3956D46DE8}") = "3 - Domain", "3 - Domain", "{BE6E3825-C130-43AE-B66B-09ADECE19823}"
EndProject
Project("{2150E333-8FDC-42A3-9474-1A3956D46DE8}") = "4 - Infra", "4 - Infra", "{FCC937DF-5573-47AD-A5C3-80DCDC76ECF7}"
EndProject
Project("{FAE04EC0-301F-11D3-BF4B-00C04F79EFBC}") = "LetsPet854.Services", "LetsPet854.Services\LetsPet854.Services.csproj", "{15128714-45F3-45DC-8BF9-673F00C34999}"
EndProject
Project("{FAE04EC0-301F-11D3-BF4B-00C04F79EFBC}") = "LetsPet854.Infra", "LetsPet854.Infra\LetsPet854.Infra.csproj", "{5D4C5DE8-7221-43BF-BA8B-88B1E4ACC566}"
EndProject
Global
	GlobalSection(SolutionConfigurationPlatforms) = preSolution
		Debug|Any CPU = Debug|Any CPU
		Release|Any CPU = Release|Any CPU
	EndGlobalSection
	GlobalSection(ProjectConfigurationPlatforms) = postSolution
		{B2C2DF1E-2CFF-41F3-A247-11DAD84D98F2}.Debug|Any CPU.ActiveCfg = Debug|Any CPU
		{B2C2DF1E-2CFF-41F3-A247-11DAD84D98F2}.Debug|Any CPU.Build.0 = Debug|Any CPU
		{B2C2DF1E-2CFF-41F3-A247-11DAD84D98F2}.Release|Any CPU.ActiveCfg = Release|Any CPU
		{B2C2DF1E-2CFF-41F3-A247-11DAD84D98F2}.Release|Any CPU.Build.0 = Release|Any CPU
		{4A102D9B-5296-46CE-BB44-575C15399802}.Debug|Any CPU.ActiveCfg = Debug|Any CPU
		{4A102D9B-5296-46CE-BB44-575C15399802}.Debug|Any CPU.Build.0 = Debug|Any CPU
		{4A102D9B-5296-46CE-BB44-575C15399802}.Release|Any CPU.ActiveCfg = Release|Any CPU
		{4A102D9B-5296-46CE-BB44-575C15399802}.Release|Any CPU.Build.0 = Release|Any CPU
		{15128714-45F3-45DC-8BF9-673F00C34999}.Debug|Any CPU.ActiveCfg = Debug|Any CPU
		{15128714-45F3-45DC-8BF9-673F00C34999}.Debug|Any CPU.Build.0 = Debug|Any CPU
		{15128714-45F3-45DC-8BF9-673F00C34999}.Release|Any CPU.ActiveCfg = Release|Any CPU
		{15128714-45F3-45DC-8BF9-673F00C34999}.Release|Any CPU.Build.0 = Release|Any CPU
		{5D4C5DE8-7221-43BF-BA8B-88B1E4ACC566}.Debug|Any CPU.ActiveCfg = Debug|Any CPU
		{5D4C5DE8-7221-43BF-BA8B-88B1E4ACC566}.Debug|Any CPU.Build.0 = Debug|Any CPU
		{5D4C5DE8-7221-43BF-BA8B-88B1E4ACC566}.Release|Any CPU.ActiveCfg = Release|Any CPU
		{5D4C5DE8-7221-43BF-BA8B-88B1E4ACC566}.Release|Any CPU.Build.0 = Release|Any CPU
	EndGlobalSection
	GlobalSection(SolutionProperties) = preSolution
		HideSolutionNode = FALSE
	EndGlobalSection
	GlobalSection(NestedProjects) = preSolution
		{B2C2DF1E-2CFF-41F3-A247-11DAD84D98F2} = {1AB6CE71-0F06-4488-8994-FDD77DE10A9B}
		{4A102D9B-5296-46CE-BB44-575C15399802} = {BE6E3825-C130-43AE-B66B-09ADECE19823}
		{15128714-45F3-45DC-8BF9-673F00C34999} = {EDD988CF-6275-4A55-9B3F-DFAD27697FA9}
		{5D4C5DE8-7221-43BF-BA8B-88B1E4ACC566} = {FCC937DF-5573-47AD-A5C3-80DCDC76ECF7}
	EndGlobalSection
	GlobalSection(ExtensibilityGlobals) = postSolution
		SolutionGuid = {B753B7C9-0AF9-40E9-9EF1-069FEF30A2A9}
	EndGlobalSection
EndGlobal
